# This file is automatically @generated by Cargo.
# It is not intended for manual editing.
version = 4

[[package]]
name = "kv-cli"
version = "0.1.0"
dependencies = [
 "kv-core",
]

[[package]]
name = "kv-core"
version = "0.1.0"

[[package]]
name = "kv-ffi"
version = "0.1.0"
dependencies = [
 "kv-core",
]
